
Microsoft Visual Studio Solution File, Format Version 12.00
# Visual Studio Version 17
VisualStudioVersion = 17.1.32407.343
MinimumVisualStudioVersion = 10.0.40219.1
Project("{FAE04EC0-301F-11D3-BF4B-00C04F79EFBC}") = "Payload", "Payload\Payload.csproj", "{458CC67F-9198-4DB3-B290-D2FD5082B621}"
EndProject
Project("{FAE04EC0-301F-11D3-BF4B-00C04F79EFBC}") = "SFWeaponized", "SFWeaponized\SFWeaponized.csproj", "{53F3C8BE-7270-4053-B543-203A420A0503}"
EndProject
Global
	GlobalSection(SolutionConfigurationPlatforms) = preSolution
		Debug|Any CPU = Debug|Any CPU
		Release|Any CPU = Release|Any CPU
	EndGlobalSection
	GlobalSection(ProjectConfigurationPlatforms) = postSolution
		{458CC67F-9198-4DB3-B290-D2FD5082B621}.Debug|Any CPU.ActiveCfg = Debug|Any CPU
		{458CC67F-9198-4DB3-B290-D2FD5082B621}.Debug|Any CPU.Build.0 = Debug|Any CPU
		{458CC67F-9198-4DB3-B290-D2FD5082B621}.Release|Any CPU.ActiveCfg = Release|Any CPU
		{458CC67F-9198-4DB3-B290-D2FD5082B621}.Release|Any CPU.Build.0 = Release|Any CPU
		{53F3C8BE-7270-4053-B543-203A420A0503}.Debug|Any CPU.ActiveCfg = Debug|Any CPU
		{53F3C8BE-7270-4053-B543-203A420A0503}.Debug|Any CPU.Build.0 = Debug|Any CPU
		{53F3C8BE-7270-4053-B543-203A420A0503}.Release|Any CPU.ActiveCfg = Release|Any CPU
		{53F3C8BE-7270-4053-B543-203A420A0503}.Release|Any CPU.Build.0 = Release|Any CPU
	EndGlobalSection
	GlobalSection(SolutionProperties) = preSolution
		HideSolutionNode = FALSE
	EndGlobalSection
	GlobalSection(ExtensibilityGlobals) = postSolution
		SolutionGuid = {516C46E8-D5EE-42CB-AB1D-1B4945792F6A}
	EndGlobalSection
EndGlobal
